{"filter":false,"title":"package-lock.json","tooltip":"/major-studio-2-copy/02-svelte/package-lock.json","undoManager":{"mark":-1,"position":-1,"stack":[]},"ace":{"folds":[],"scrolltop":10451,"scrollleft":0,"selection":{"start":{"row":562,"column":22},"end":{"row":562,"column":22},"isBackwards":false},"options":{"guessTabSize":true,"useWrapMode":false,"wrapToView":true},"firstLineState":{"row":0,"state":"start","mode":"ace/mode/json"}},"timestamp":1644952763426,"hash":"e9ede6e88574d77104403db3cde526f5eaba5cd2"}