{"filter":false,"title":"package-lock.json","tooltip":"/svelte-app/package-lock.json","undoManager":{"mark":-1,"position":-1,"stack":[]},"ace":{"folds":[],"scrolltop":2563,"scrollleft":0,"selection":{"start":{"row":156,"column":18},"end":{"row":156,"column":18},"isBackwards":false},"options":{"guessTabSize":true,"useWrapMode":false,"wrapToView":true},"firstLineState":{"row":133,"state":"start","mode":"ace/mode/json"}},"timestamp":1645983765369,"hash":"6be57494587d3296133096bdccc2cff6d9469fa3"}